// !$*UTF8*$!
{
	archiveVersion = 1;
	classes = {
	};
	objectVersion = 46;
	objects = {

/* Begin PBXBuildFile section */
		D7E75F1F1E0130030032AD22 /* AppDelegate.swift in Sources */ = {isa = PBXBuildFile; fileRef = D7E75F1E1E0130030032AD22 /* AppDelegate.swift */; };
		D7E75F211E0130030032AD22 /* ViewController.swift in Sources */ = {isa = PBXBuildFile; fileRef = D7E75F201E0130030032AD22 /* ViewController.swift */; };
		D7E75F241E0130030032AD22 /* Main.storyboard in Resources */ = {isa = PBXBuildFile; fileRef = D7E75F221E0130030032AD22 /* Main.storyboard */; };
		D7E75F261E0130030032AD22 /* Assets.xcassets in Resources */ = {isa = PBXBuildFile; fileRef = D7E75F251E0130030032AD22 /* Assets.xcassets */; };
		D7E75F291E0130030032AD22 /* LaunchScreen.storyboard in Resources */ = {isa = PBXBuildFile; fileRef = D7E75F271E0130030032AD22 /* LaunchScreen.storyboard */; };
		D7E75F341E0130040032AD22 /* swiftProTests.swift in Sources */ = {isa = PBXBuildFile; fileRef = D7E75F331E0130040032AD22 /* swiftProTests.swift */; };
/* End PBXBuildFile section */

/* Begin PBXContainerItemProxy section */
		D7E75F301E0130030032AD22 /* PBXContainerItemProxy */ = {
			isa = PBXContainerItemProxy;
			containerPortal = D7E75F131E0130030032AD22 /* Project object */;
			proxyType = 1;
			remoteGlobalIDString = D7E75F1A1E0130030032AD22;
			remoteInfo = swiftPro;
		};
/* End PBXContainerItemProxy section */

/* Begin PBXFileReference section */
		D7E75F1B1E0130030032AD22 /* swiftPro.app */ = {isa = PBXFileReference; explicitFileType = wrapper.application; includeInIndex = 0; path = swiftPro.app; sourceTree = BUILT_PRODUCTS_DIR; };
		D7E75F1E1E0130030032AD22 /* AppDelegate.swift */ = {isa = PBXFileReference; lastKnownFileType = sourcecode.swift; path = AppDelegate.swift; sourceTree = "<group>"; };
		D7E75F201E0130030032AD22 /* ViewController.swift */ = {isa = PBXFileReference; lastKnownFileType = sourcecode.swift; path = ViewController.swift; sourceTree = "<group>"; };
		D7E75F231E0130030032AD22 /* Base */ = {isa = PBXFileReference; lastKnownFileType = file.storyboard; name = Base; path = Base.lproj/Main.storyboard; sourceTree = "<group>"; };
		D7E75F251E0130030032AD22 /* Assets.xcassets */ = {isa = PBXFileReference; lastKnownFileType = folder.assetcatalog; path = Assets.xcassets; sourceTree = "<group>"; };
		D7E75F281E0130030032AD22 /* Base */ = {isa = PBXFileReference; lastKnownFileType = file.storyboard; name = Base; path = Base.lproj/LaunchScreen.storyboard; sourceTree = "<group>"; };
		D7E75F2A1E0130030032AD22 /* Info.plist */ = {isa = PBXFileReference; lastKnownFileType = text.plist.xml; path = Info.plist; sourceTree = "<group>"; };
		D7E75F2F1E0130030032AD22 /* swiftProTests.xctest */ = {isa = PBXFileReference; explicitFileType = wrapper.cfbundle; includeInIndex = 0; path = swiftProTests.xctest; sourceTree = BUILT_PRODUCTS_DIR; };
		D7E75F331E0130040032AD22 /* swiftProTests.swift */ = {isa = PBXFileReference; lastKnownFileType = sourcecode.swift; path = swiftProTests.swift; sourceTree = "<group>"; };
		D7E75F351E0130040032AD22 /* Info.plist */ = {isa = PBXFileReference; lastKnownFileType = text.plist.xml; path = Info.plist; sourceTree = "<group>"; };
/* End PBXFileReference section */

/* Begin PBXFrameworksBuildPhase section */
		D7E75F181E0130030032AD22 /* Frameworks */ = {
			isa = PBXFrameworksBuildPhase;
			buildActionMask = 2147483647;
			files = (
			);
			runOnlyForDeploymentPostprocessing = 0;
		};
		D7E75F2C1E0130030032AD22 /* Frameworks */ = {
			isa = PBXFrameworksBuildPhase;
			buildActionMask = 2147483647;
			files = (
			);
			runOnlyForDeploymentPostprocessing = 0;
		};
/* End PBXFrameworksBuildPhase section */

/* Begin PBXGroup section */
		D7E75F121E0130030032AD22 = {
			isa = PBXGroup;
			children = (
				D7E75F1D1E0130030032AD22 /* swiftPro */,
				D7E75F321E0130030032AD22 /* swiftProTests */,
				D7E75F1C1E0130030032AD22 /* Products */,
			);
			sourceTree = "<group>";
		};
		D7E75F1C1E0130030032AD22 /* Products */ = {
			isa = PBXGroup;
			children = (
				D7E75F1B1E0130030032AD22 /* swiftPro.app */,
				D7E75F2F1E0130030032AD22 /* swiftProTests.xctest */,
			);
			name = Products;
			sourceTree = "<group>";
		};
		D7E75F1D1E0130030032AD22 /* swiftPro */ = {
			isa = PBXGroup;
			children = (
				D7E75F1E1E0130030032AD22 /* AppDelegate.swift */,
				D7E75F201E0130030032AD22 /* ViewController.swift */,
				D7E75F221E0130030032AD22 /* Main.storyboard */,
				D7E75F251E0130030032AD22 /* Assets.xcassets */,
				D7E75F271E0130030032AD22 /* LaunchScreen.storyboard */,
				D7E75F2A1E0130030032AD22 /* Info.plist */,
			);
			path = swiftPro;
			sourceTree = "<group>";
		};
		D7E75F321E0130030032AD22 /* swiftProTests */ = {
			isa = PBXGroup;
			children = (
				D7E75F331E0130040032AD22 /* swiftProTests.swift */,
				D7E75F351E0130040032AD22 /* Info.plist */,
			);
			path = swiftProTests;
			sourceTree = "<group>";
		};
/* End PBXGroup section */

/* Begin PBXNativeTarget section */
		D7E75F1A1E0130030032AD22 /* swiftPro */ = {
			isa = PBXNativeTarget;
			buildConfigurationList = D7E75F381E0130040032AD22 /* Build configuration list for PBXNativeTarget "swiftPro" */;
			buildPhases = (
				D7E75F171E0130030032AD22 /* Sources */,
				D7E75F181E0130030032AD22 /* Frameworks */,
				D7E75F191E0130030032AD22 /* Resources */,
			);
			buildRules = (
			);
			dependencies = (
			);
			name = swiftPro;
			productName = swiftPro;
			productReference = D7E75F1B1E0130030032AD22 /* swiftPro.app */;
			productType = "com.apple.product-type.application";
		};
		D7E75F2E1E0130030032AD22 /* swiftProTests */ = {
			isa = PBXNativeTarget;
			buildConfigurationList = D7E75F3B1E0130040032AD22 /* Build configuration list for PBXNativeTarget "swiftProTests" */;
			buildPhases = (
				D7E75F2B1E0130030032AD22 /* Sources */,
				D7E75F2C1E0130030032AD22 /* Frameworks */,
				D7E75F2D1E0130030032AD22 /* Resources */,
			);
			buildRules = (
			);
			dependencies = (
				D7E75F311E0130030032AD22 /* PBXTargetDependency */,
			);
			name = swiftProTests;
			productName = swiftProTests;
			productReference = D7E75F2F1E0130030032AD22 /* swiftProTests.xctest */;
			productType = "com.apple.product-type.bundle.unit-test";
		};
/* End PBXNativeTarget section */

/* Begin PBXProject section */
		D7E75F131E0130030032AD22 /* Project object */ = {
			isa = PBXProject;
			attributes = {
				LastSwiftUpdateCheck = 0810;
				LastUpgradeCheck = 0810;
				ORGANIZATIONNAME = zwd;
				TargetAttributes = {
					D7E75F1A1E0130030032AD22 = {
						CreatedOnToolsVersion = 8.1;
						ProvisioningStyle = Automatic;
					};
					D7E75F2E1E0130030032AD22 = {
						CreatedOnToolsVersion = 8.1;
						ProvisioningStyle = Automatic;
						TestTargetID = D7E75F1A1E0130030032AD22;
					};
				};
			};
			buildConfigurationList = D7E75F161E0130030032AD22 /* Build configuration list for PBXProject "swiftPro" */;
			compatibilityVersion = "Xcode 3.2";
			developmentRegion = English;
			hasScannedForEncodings = 0;
			knownRegions = (
				en,
				Base,
			);
			mainGroup = D7E75F121E0130030032AD22;
			productRefGroup = D7E75F1C1E0130030032AD22 /* Products */;
			projectDirPath = "";
			projectRoot = "";
			targets = (
				D7E75F1A1E0130030032AD22 /* swiftPro */,
				D7E75F2E1E0130030032AD22 /* swiftProTests */,
			);
		};
/* End PBXProject section */

/* Begin PBXResourcesBuildPhase section */
		D7E75F191E0130030032AD22 /* Resources */ = {
			isa = PBXResourcesBuildPhase;
			buildActionMask = 2147483647;
			files = (
				D7E75F291E0130030032AD22 /* LaunchScreen.storyboard in Resources */,
				D7E75F261E0130030032AD22 /* Assets.xcassets in Resources */,
				D7E75F241E0130030032AD22 /* Main.storyboard in Resources */,
			);
			runOnlyForDeploymentPostprocessing = 0;
		};
		D7E75F2D1E0130030032AD22 /* Resources */ = {
			isa = PBXResourcesBuildPhase;
			buildActionMask = 2147483647;
			files = (
			);
			runOnlyForDeploymentPostprocessing = 0;
		};
/* End PBXResourcesBuildPhase section */

/* Begin PBXSourcesBuildPhase section */
		D7E75F171E0130030032AD22 /* Sources */ = {
			isa = PBXSourcesBuildPhase;
			buildActionMask = 2147483647;
			files = (
				D7E75F211E0130030032AD22 /* ViewController.swift in Sources */,
				D7E75F1F1E0130030032AD22 /* AppDelegate.swift in Sources */,
			);
			runOnlyForDeploymentPostprocessing = 0;
		};
		D7E75F2B1E0130030032AD22 /* Sources */ = {
			isa = PBXSourcesBuildPhase;
			buildActionMask = 2147483647;
			files = (
				D7E75F341E0130040032AD22 /* swiftProTests.swift in Sources */,
			);
			runOnlyForDeploymentPostprocessing = 0;
		};
/* End PBXSourcesBuildPhase section */

/* Begin PBXTargetDependency section */
		D7E75F311E0130030032AD22 /* PBXTargetDependency */ = {
			isa = PBXTargetDependency;
			target = D7E75F1A1E0130030032AD22 /* swiftPro */;
			targetProxy = D7E75F301E0130030032AD22 /* PBXContainerItemProxy */;
		};
/* End PBXTargetDependency section */

/* Begin PBXVariantGroup section */
		D7E75F221E0130030032AD22 /* Main.storyboard */ = {
			isa = PBXVariantGroup;
			children = (
				D7E75F231E0130030032AD22 /* Base */,
			);
			name = Main.storyboard;
			sourceTree = "<group>";
		};
		D7E75F271E0130030032AD22 /* LaunchScreen.storyboard */ = {
			isa = PBXVariantGroup;
			children = (
				D7E75F281E0130030032AD22 /* Base */,
			);
			name = LaunchScreen.storyboard;
			sourceTree = "<group>";
		};
/* End PBXVariantGroup section */

/* Begin XCBuildConfiguration section */
		D7E75F361E0130040032AD22 /* Debug */ = {
			isa = XCBuildConfiguration;
			buildSettings = {
				ALWAYS_SEARCH_USER_PATHS = NO;
				CLANG_ANALYZER_NONNULL = YES;
				CLANG_CXX_LANGUAGE_STANDARD = "gnu++0x";
				CLANG_CXX_LIBRARY = "libc++";
				CLANG_ENABLE_MODULES = YES;
				CLANG_ENABLE_OBJC_ARC = YES;
				CLANG_WARN_BOOL_CONVERSION = YES;
				CLANG_WARN_CONSTANT_CONVERSION = YES;
				CLANG_WARN_DIRECT_OBJC_ISA_USAGE = YES_ERROR;
				CLANG_WARN_DOCUMENTATION_COMMENTS = YES;
				CLANG_WARN_EMPTY_BODY = YES;
				CLANG_WARN_ENUM_CONVERSION = YES;
				CLANG_WARN_INFINITE_RECURSION = YES;
				CLANG_WARN_INT_CONVERSION = YES;
				CLANG_WARN_OBJC_ROOT_CLASS = YES_ERROR;
				CLANG_WARN_SUSPICIOUS_MOVES = YES;
				CLANG_WARN_UNREACHABLE_CODE = YES;
				CLANG_WARN__DUPLICATE_METHOD_MATCH = YES;
				"CODE_SIGN_IDENTITY[sdk=iphoneos*]" = "iPhone Developer";
				COPY_PHASE_STRIP = NO;
				DEBUG_INFORMATION_FORMAT = dwarf;
				ENABLE_STRICT_OBJC_MSGSEND = YES;
				ENABLE_TESTABILITY = YES;
				GCC_C_LANGUAGE_STANDARD = gnu99;
				GCC_DYNAMIC_NO_PIC = NO;
				GCC_NO_COMMON_BLOCKS = YES;
				GCC_OPTIMIZATION_LEVEL = 0;
				GCC_PREPROCESSOR_DEFINITIONS = (
					"DEBUG=1",
					"$(inherited)",
				);
				GCC_WARN_64_TO_32_BIT_CONVERSION = YES;
				GCC_WARN_ABOUT_RETURN_TYPE = YES_ERROR;
				GCC_WARN_UNDECLARED_SELECTOR = YES;
				GCC_WARN_UNINITIALIZED_AUTOS = YES_AGGRESSIVE;
				GCC_WARN_UNUSED_FUNCTION = YES;
				GCC_WARN_UNUSED_VARIABLE = YES;
				IPHONEOS_DEPLOYMENT_TARGET = 10.1;
				MTL_ENABLE_DEBUG_INFO = YES;
				ONLY_ACTIVE_ARCH = YES;
				SDKROOT = iphoneos;
				SWIFT_ACTIVE_COMPILATION_CONDITIONS = DEBUG;
				SWIFT_OPTIMIZATION_LEVEL = "-Onone";
				TARGETED_DEVICE_FAMILY = "1,2";
			};
			name = Debug;
		};
		D7E75F371E0130040032AD22 /* Release */ = {
			isa = XCBuildConfiguration;
			buildSettings = {
				ALWAYS_SEARCH_USER_PATHS = NO;
				CLANG_ANALYZER_NONNULL = YES;
				CLANG_CXX_LANGUAGE_STANDARD = "gnu++0x";
				CLANG_CXX_LIBRARY = "libc++";
				CLANG_ENABLE_MODULES = YES;
				CLANG_ENABLE_OBJC_ARC = YES;
				CLANG_WARN_BOOL_CONVERSION = YES;
				CLANG_WARN_CONSTANT_CONVERSION = YES;
				CLANG_WARN_DIRECT_OBJC_ISA_USAGE = YES_ERROR;
				CLANG_WARN_DOCUMENTATION_COMMENTS = YES;
				CLANG_WARN_EMPTY_BODY = YES;
				CLANG_WARN_ENUM_CONVERSION = YES;
				CLANG_WARN_INFINITE_RECURSION = YES;
				CLANG_WARN_INT_CONVERSION = YES;
				CLANG_WARN_OBJC_ROOT_CLASS = YES_ERROR;
				CLANG_WARN_SUSPICIOUS_MOVES = YES;
				CLANG_WARN_UNREACHABLE_CODE = YES;
				CLANG_WARN__DUPLICATE_METHOD_MATCH = YES;
				"CODE_SIGN_IDENTITY[sdk=iphoneos*]" = "iPhone Developer";
				COPY_PHASE_STRIP = NO;
				DEBUG_INFORMATION_FORMAT = "dwarf-with-dsym";
				ENABLE_NS_ASSERTIONS = NO;
				ENABLE_STRICT_OBJC_MSGSEND = YES;
				GCC_C_LANGUAGE_STANDARD = gnu99;
				GCC_NO_COMMON_BLOCKS = YES;
				GCC_WARN_64_TO_32_BIT_CONVERSION = YES;
				GCC_WARN_ABOUT_RETURN_TYPE = YES_ERROR;
				GCC_WARN_UNDECLARED_SELECTOR = YES;
				GCC_WARN_UNINITIALIZED_AUTOS = YES_AGGRESSIVE;
				GCC_WARN_UNUSED_FUNCTION = YES;
				GCC_WARN_UNUSED_VARIABLE = YES;
				IPHONEOS_DEPLOYMENT_TARGET = 10.1;
				MTL_ENABLE_DEBUG_INFO = NO;
				SDKROOT = iphoneos;
				SWIFT_OPTIMIZATION_LEVEL = "-Owholemodule";
				TARGETED_DEVICE_FAMILY = "1,2";
				VALIDATE_PRODUCT = YES;
			};
			name = Release;
		};
		D7E75F391E0130040032AD22 /* Debug */ = {
			isa = XCBuildConfiguration;
			buildSettings = {
				ASSETCATALOG_COMPILER_APPICON_NAME = AppIcon;
				INFOPLIST_FILE = swiftPro/Info.plist;
				LD_RUNPATH_SEARCH_PATHS = "$(inherited) @executable_path/Frameworks";
				PRODUCT_BUNDLE_IDENTIFIER = com.ssgou.test.swiftPro;
				PRODUCT_NAME = "$(TARGET_NAME)";
				SWIFT_VERSION = 3.0;
			};
			name = Debug;
		};
		D7E75F3A1E0130040032AD22 /* Release */ = {
			isa = XCBuildConfiguration;
			buildSettings = {
				ASSETCATALOG_COMPILER_APPICON_NAME = AppIcon;
				INFOPLIST_FILE = swiftPro/Info.plist;
				LD_RUNPATH_SEARCH_PATHS = "$(inherited) @executable_path/Frameworks";
				PRODUCT_BUNDLE_IDENTIFIER = com.ssgou.test.swiftPro;
				PRODUCT_NAME = "$(TARGET_NAME)";
				SWIFT_VERSION = 3.0;
			};
			name = Release;
		};
		D7E75F3C1E0130040032AD22 /* Debug */ = {
			isa = XCBuildConfiguration;
			buildSettings = {
				ALWAYS_EMBED_SWIFT_STANDARD_LIBRARIES = YES;
				BUNDLE_LOADER = "$(TEST_HOST)";
				INFOPLIST_FILE = swiftProTests/Info.plist;
				LD_RUNPATH_SEARCH_PATHS = "$(inherited) @executable_path/Frameworks @loader_path/Frameworks";
				PRODUCT_BUNDLE_IDENTIFIER = com.ssgou.test.swiftProTests;
				PRODUCT_NAME = "$(TARGET_NAME)";
				SWIFT_VERSION = 3.0;
				TEST_HOST = "$(BUILT_PRODUCTS_DIR)/swiftPro.app/swiftPro";
			};
			name = Debug;
		};
		D7E75F3D1E0130040032AD22 /* Release */ = {
			isa = XCBuildConfiguration;
			buildSettings = {
				ALWAYS_EMBED_SWIFT_STANDARD_LIBRARIES = YES;
				BUNDLE_LOADER = "$(TEST_HOST)";
				INFOPLIST_FILE = swiftProTests/Info.plist;
				LD_RUNPATH_SEARCH_PATHS = "$(inherited) @executable_path/Frameworks @loader_path/Frameworks";
				PRODUCT_BUNDLE_IDENTIFIER = com.ssgou.test.swiftProTests;
				PRODUCT_NAME = "$(TARGET_NAME)";
				SWIFT_VERSION = 3.0;
				TEST_HOST = "$(BUILT_PRODUCTS_DIR)/swiftPro.app/swiftPro";
			};
			name = Release;
		};
/* End XCBuildConfiguration section */

/* Begin XCConfigurationList section */
		D7E75F161E0130030032AD22 /* Build configuration list for PBXProject "swiftPro" */ = {
			isa = XCConfigurationList;
			buildConfigurations = (
				D7E75F361E0130040032AD22 /* Debug */,
				D7E75F371E0130040032AD22 /* Release */,
			);
			defaultConfigurationIsVisible = 0;
			defaultConfigurationName = Release;
		};
		D7E75F381E0130040032AD22 /* Build configuration list for PBXNativeTarget "swiftPro" */ = {
			isa = XCConfigurationList;
			buildConfigurations = (
				D7E75F391E0130040032AD22 /* Debug */,
				D7E75F3A1E0130040032AD22 /* Release */,
			);
			defaultConfigurationIsVisible = 0;
		};
		D7E75F3B1E0130040032AD22 /* Build configuration list for PBXNativeTarget "swiftProTests" */ = {
			isa = XCConfigurationList;
			buildConfigurations = (
				D7E75F3C1E0130040032AD22 /* Debug */,
				D7E75F3D1E0130040032AD22 /* Release */,
			);
			defaultConfigurationIsVisible = 0;
		};
/* End XCConfigurationList section */
	};
	rootObject = D7E75F131E0130030032AD22 /* Project object */;
}
